
Microsoft Visual Studio Solution File, Format Version 12.00
# Visual Studio Version 17
VisualStudioVersion = 17.6.33723.286
MinimumVisualStudioVersion = 10.0.40219.1
Project("{54A90642-561A-4BB1-A94E-469ADEE60C69}") = "angularapp", "angularapp\angularapp.esproj", "{6B004D63-3700-4617-8838-073A5740CFCD}"
EndProject
Project("{9A19103F-16F7-4668-BE54-9A1E7A4F7556}") = "webapi", "webapi\webapi.csproj", "{5E2D206F-D813-4FC0-8EFC-CAE547E29A18}"
EndProject
Global
	GlobalSection(SolutionConfigurationPlatforms) = preSolution
		Debug|Any CPU = Debug|Any CPU
		Release|Any CPU = Release|Any CPU
	EndGlobalSection
	GlobalSection(ProjectConfigurationPlatforms) = postSolution
		{6B004D63-3700-4617-8838-073A5740CFCD}.Debug|Any CPU.ActiveCfg = Debug|Any CPU
		{6B004D63-3700-4617-8838-073A5740CFCD}.Debug|Any CPU.Build.0 = Debug|Any CPU
		{6B004D63-3700-4617-8838-073A5740CFCD}.Debug|Any CPU.Deploy.0 = Debug|Any CPU
		{6B004D63-3700-4617-8838-073A5740CFCD}.Release|Any CPU.ActiveCfg = Release|Any CPU
		{6B004D63-3700-4617-8838-073A5740CFCD}.Release|Any CPU.Build.0 = Release|Any CPU
		{6B004D63-3700-4617-8838-073A5740CFCD}.Release|Any CPU.Deploy.0 = Release|Any CPU
		{5E2D206F-D813-4FC0-8EFC-CAE547E29A18}.Debug|Any CPU.ActiveCfg = Debug|Any CPU
		{5E2D206F-D813-4FC0-8EFC-CAE547E29A18}.Debug|Any CPU.Build.0 = Debug|Any CPU
		{5E2D206F-D813-4FC0-8EFC-CAE547E29A18}.Release|Any CPU.ActiveCfg = Release|Any CPU
		{5E2D206F-D813-4FC0-8EFC-CAE547E29A18}.Release|Any CPU.Build.0 = Release|Any CPU
	EndGlobalSection
	GlobalSection(SolutionProperties) = preSolution
		HideSolutionNode = FALSE
	EndGlobalSection
	GlobalSection(ExtensibilityGlobals) = postSolution
		SolutionGuid = {580BE7BB-F31E-4E8F-9E14-DB3ACE9156BC}
	EndGlobalSection
EndGlobal
